
Microsoft Visual Studio Solution File, Format Version 12.00
# Visual Studio 15
VisualStudioVersion = 15.0.26430.16
MinimumVisualStudioVersion = 10.0.40219.1
Project("{FAE04EC0-301F-11D3-BF4B-00C04F79EFBC}") = "Wenli.Data.RabbitMQ", "Wenli.Data.RabbitMQ\Wenli.Data.RabbitMQ.csproj", "{AEAA8E11-7462-45AF-BDF8-02AA1DB18F48}"
EndProject
Project("{FAE04EC0-301F-11D3-BF4B-00C04F79EFBC}") = "Wenli.Data.RabbitMQ.Console", "Wenli.Data.RabbitMQ.Console\Wenli.Data.RabbitMQ.Console.csproj", "{BF7E8343-2A57-42C9-A1C9-F2F78EEF81B8}"
EndProject
Global
	GlobalSection(SolutionConfigurationPlatforms) = preSolution
		Debug|Any CPU = Debug|Any CPU
		Release|Any CPU = Release|Any CPU
	EndGlobalSection
	GlobalSection(ProjectConfigurationPlatforms) = postSolution
		{AEAA8E11-7462-45AF-BDF8-02AA1DB18F48}.Debug|Any CPU.ActiveCfg = Debug|Any CPU
		{AEAA8E11-7462-45AF-BDF8-02AA1DB18F48}.Debug|Any CPU.Build.0 = Debug|Any CPU
		{AEAA8E11-7462-45AF-BDF8-02AA1DB18F48}.Release|Any CPU.ActiveCfg = Release|Any CPU
		{AEAA8E11-7462-45AF-BDF8-02AA1DB18F48}.Release|Any CPU.Build.0 = Release|Any CPU
		{BF7E8343-2A57-42C9-A1C9-F2F78EEF81B8}.Debug|Any CPU.ActiveCfg = Debug|Any CPU
		{BF7E8343-2A57-42C9-A1C9-F2F78EEF81B8}.Debug|Any CPU.Build.0 = Debug|Any CPU
		{BF7E8343-2A57-42C9-A1C9-F2F78EEF81B8}.Release|Any CPU.ActiveCfg = Release|Any CPU
		{BF7E8343-2A57-42C9-A1C9-F2F78EEF81B8}.Release|Any CPU.Build.0 = Release|Any CPU
	EndGlobalSection
	GlobalSection(SolutionProperties) = preSolution
		HideSolutionNode = FALSE
	EndGlobalSection
EndGlobal
